# This file is automatically @generated by Cargo.
# It is not intended for manual editing.
version = 3

[[package]]
name = "binary_max"
version = "0.1.0"
dependencies = [
 "good_lp",
]

[[package]]
name = "bitflags"
version = "0.5.0"
source = "registry+https://github.com/rust-lang/crates.io-index"
checksum = "4f67931368edf3a9a51d29886d245f1c3db2f1ef0dcc9e35ff70341b78c10d23"

[[package]]
name = "fnv"
version = "1.0.7"
source = "registry+https://github.com/rust-lang/crates.io-index"
checksum = "3f9eec918d3f24069decb9af1554cad7c880e2da24a9afd88aca000531ab82c1"

[[package]]
name = "gcc"
version = "0.3.55"
source = "registry+https://github.com/rust-lang/crates.io-index"
checksum = "8f5f3913fa0bfe7ee1fd8248b6b9f42a5af4b9d65ec2dd2c3c26132b950ecfc2"

[[package]]
name = "good_lp"
version = "1.7.0"
source = "registry+https://github.com/rust-lang/crates.io-index"
checksum = "fa124423ded10046a849fa0ae9747c541895557f1af177e0890b09879e7e9e7d"
dependencies = [
 "fnv",
 "lpsolve",
]

[[package]]
name = "libc"
version = "0.2.150"
source = "registry+https://github.com/rust-lang/crates.io-index"
checksum = "89d92a4743f9a61002fae18374ed11e7973f530cb3a3255fb354818118b2203c"

[[package]]
name = "lpsolve"
version = "0.1.0"
source = "registry+https://github.com/rust-lang/crates.io-index"
checksum = "516c671a8790d7b5a5c1f2140c36d3619335366fda108db1ca6d8359bd096ecd"
dependencies = [
 "bitflags",
 "libc",
 "lpsolve-sys",
]

[[package]]
name = "lpsolve-sys"
version = "5.5.0"
source = "registry+https://github.com/rust-lang/crates.io-index"
checksum = "0776862d06b54bdea2ed14227f56a2913b39903e06849dce7b805d609ef6a85d"
dependencies = [
 "gcc",
 "libc",
]
